<?xml version="1.0" encoding="utf-8"?>
<Project ToolsVersion="4.0" xmlns="http://schemas.microsoft.com/developer/msbuild/2003">
  <ItemGroup>
    <Filter Include="DX3D">
      <UniqueIdentifier>{d3c6ca97-db2b-42ee-a0e1-d27ed13fff40}</UniqueIdentifier>
    </Filter>
    <Filter Include="DX3D\Include">
      <UniqueIdentifier>{45985abc-dbbd-4a73-83ed-58a3aea94c84}</UniqueIdentifier>
    </Filter>
    <Filter Include="DX3D\Source">
      <UniqueIdentifier>{77c4ffd2-702c-4612-bfd0-1a35ff9a6073}</UniqueIdentifier>
    </Filter>
    <Filter Include="DX3D\Include\DX3D">
      <UniqueIdentifier>{358cb15e-1f57-4259-bf12-ee1da96b13e2}</UniqueIdentifier>
    </Filter>
    <Filter Include="DX3D\Include\DX3D\Core">
      <UniqueIdentifier>{ca2e8dc2-8adf-4c62-b95f-81094a8ec817}</UniqueIdentifier>
    </Filter>
    <Filter Include="DX3D\Include\DX3D\Math">
      <UniqueIdentifier>{a664a1ad-0fcc-41ae-9fcf-abbf0977343e}</UniqueIdentifier>
    </Filter>
    <Filter Include="DX3D\Include\DX3D\Game">
      <UniqueIdentifier>{ea068102-d253-4896-be7d-687ed23cf4fb}</UniqueIdentifier>
    </Filter>
    <Filter Include="DX3D\Include\DX3D\Window">
      <UniqueIdentifier>{ba619b36-a174-4f8a-b29a-f082939dcb49}</UniqueIdentifier>
    </Filter>
    <Filter Include="DX3D\Source\DX3D">
      <UniqueIdentifier>{3335ca95-bba5-4455-835e-d7e487742492}</UniqueIdentifier>
    </Filter>
    <Filter Include="DX3D\Source\DX3D\Game">
      <UniqueIdentifier>{33cac08a-e114-45d3-b984-388491272fb0}</UniqueIdentifier>
    </Filter>
    <Filter Include="DX3D\Source\DX3D\Graphics">
      <UniqueIdentifier>{a04d859d-fea7-497f-a5e4-3b513b884622}</UniqueIdentifier>
    </Filter>
    <Filter Include="DX3D\Source\DX3D\Core">
      <UniqueIdentifier>{c7a98dc4-ad57-42f9-8c02-f478c3633bb9}</UniqueIdentifier>
    </Filter>
    <Filter Include="DX3D\Source\DX3D\Window">
      <UniqueIdentifier>{720c54f6-c492-4667-98da-77cd19613a9a}</UniqueIdentifier>
    </Filter>
    <Filter Include="DX3D\Source\DX3D\Game\Win32">
      <UniqueIdentifier>{1d053543-3e8b-4e3a-a862-fed1b65f8f5e}</UniqueIdentifier>
    </Filter>
    <Filter Include="DX3D\Source\DX3D\Window\Win32">
      <UniqueIdentifier>{f2dc1ad9-fea7-4252-a7ca-37c1b96874f2}</UniqueIdentifier>
    </Filter>
    <Filter Include="Game">
      <UniqueIdentifier>{05c09f53-cee3-4d92-90ff-fc2438dfd00a}</UniqueIdentifier>
    </Filter>
    <Filter Include="InputSystem">
      <UniqueIdentifier>{d74755e4-b967-4fc1-8be5-14452fb66804}</UniqueIdentifier>
    </Filter>
    <Filter Include="DX3D\Assets">
      <UniqueIdentifier>{95f6cbd6-a6c3-4a22-b3ad-097910d599f3}</UniqueIdentifier>
    </Filter>
    <Filter Include="DX3D\Assets\Shaders">
      <UniqueIdentifier>{b88df9a9-6b57-4f6b-a545-2f250d7f6220}</UniqueIdentifier>
    </Filter>
    <Filter Include="Components">
      <UniqueIdentifier>{f5a74b6a-ef84-4ec2-9e30-11a97029017d}</UniqueIdentifier>
    </Filter>
    <Filter Include="Systems">
      <UniqueIdentifier>{7e410f41-254e-4a70-9e96-d3a76545e32a}</UniqueIdentifier>
    </Filter>
  </ItemGroup>
  <ItemGroup>
    <ClInclude Include="SourceFiles\DX3D\Include\DX3D\Core\Base.h">
      <Filter>DX3D\Include\DX3D\Core</Filter>
    </ClInclude>
    <ClInclude Include="SourceFiles\DX3D\Include\DX3D\Core\Common.h">
      <Filter>DX3D\Include\DX3D\Core</Filter>
    </ClInclude>
    <ClInclude Include="SourceFiles\DX3D\Include\DX3D\Core\Core.h">
      <Filter>DX3D\Include\DX3D\Core</Filter>
    </ClInclude>
    <ClInclude Include="SourceFiles\DX3D\Include\DX3D\Core\Logger.h">
      <Filter>DX3D\Include\DX3D\Core</Filter>
    </ClInclude>
    <ClInclude Include="SourceFiles\DX3D\Include\DX3D\All.h">
      <Filter>DX3D\Include\DX3D</Filter>
    </ClInclude>
    <ClInclude Include="SourceFiles\DX3D\Include\DX3D\Game\Display.h">
      <Filter>DX3D\Include\DX3D\Game</Filter>
    </ClInclude>
    <ClInclude Include="SourceFiles\DX3D\Include\DX3D\Game\Game.h">
      <Filter>DX3D\Include\DX3D\Game</Filter>
    </ClInclude>
    <ClInclude Include="SourceFiles\DX3D\Include\DX3D\Math\Vec3.h">
      <Filter>DX3D\Include\DX3D\Math</Filter>
    </ClInclude>
    <ClInclude Include="SourceFiles\DX3D\Include\DX3D\Math\Vec4.h">
      <Filter>DX3D\Include\DX3D\Math</Filter>
    </ClInclude>
    <ClInclude Include="SourceFiles\DX3D\Include\DX3D\Math\Rect.h">
      <Filter>DX3D\Include\DX3D\Math</Filter>
    </ClInclude>
    <ClInclude Include="SourceFiles\DX3D\Include\DX3D\Window\Window.h">
      <Filter>DX3D\Include\DX3D\Window</Filter>
    </ClInclude>
    <ClInclude Include="SourceFiles\DX3D\Source\DX3D\Graphics\DeviceContext.h">
      <Filter>DX3D\Source\DX3D\Graphics</Filter>
    </ClInclude>
    <ClInclude Include="SourceFiles\DX3D\Source\DX3D\Graphics\GraphicsDevice.h">
      <Filter>DX3D\Source\DX3D\Graphics</Filter>
    </ClInclude>
    <ClInclude Include="SourceFiles\DX3D\Source\DX3D\Graphics\GraphicsEngine.h">
      <Filter>DX3D\Source\DX3D\Graphics</Filter>
    </ClInclude>
    <ClInclude Include="SourceFiles\DX3D\Source\DX3D\Graphics\GraphicslogUtils.h">
      <Filter>DX3D\Source\DX3D\Graphics</Filter>
    </ClInclude>
    <ClInclude Include="SourceFiles\DX3D\Source\DX3D\Graphics\GraphicsPipelineState.h">
      <Filter>DX3D\Source\DX3D\Graphics</Filter>
    </ClInclude>
    <ClInclude Include="SourceFiles\DX3D\Source\DX3D\Graphics\GraphicsResource.h">
      <Filter>DX3D\Source\DX3D\Graphics</Filter>
    </ClInclude>
    <ClInclude Include="SourceFiles\DX3D\Source\DX3D\Graphics\GraphicsUtils.h">
      <Filter>DX3D\Source\DX3D\Graphics</Filter>
    </ClInclude>
    <ClInclude Include="SourceFiles\DX3D\Source\DX3D\Graphics\ShaderBinary.h">
      <Filter>DX3D\Source\DX3D\Graphics</Filter>
    </ClInclude>
    <ClInclude Include="SourceFiles\DX3D\Source\DX3D\Graphics\SwapChain.h">
      <Filter>DX3D\Source\DX3D\Graphics</Filter>
    </ClInclude>
    <ClInclude Include="SourceFiles\SubSystem\VertexBuffer.h">
      <Filter>DX3D\Source\DX3D\Graphics</Filter>
    </ClInclude>
    <ClInclude Include="SourceFiles\DX3D\Source\DX3D\Graphics\VertexBuffer.h">
      <Filter>DX3D\Source\DX3D\Graphics</Filter>
    </ClInclude>
    <ClInclude Include="SourceFiles\InputSystem\InputSystem.h" />
    <ClInclude Include="SourceFiles\InputSystem\InputListener.h" />
    <ClInclude Include="SourceFiles\InputSystem\IInputSystem.h" />
    <ClInclude Include="SourceFiles\DX3D\Include\DX3D\Math\Point.h" />
    <ClInclude Include="SourceFiles\DX3D\Source\DX3D\Graphics\VertexShaderSignature.h">
      <Filter>DX3D\Source\DX3D\Graphics</Filter>
    </ClInclude>
    <ClInclude Include="SourceFiles\DX3D\Include\DX3D\Game\ECS\Entity.h" />
    <ClInclude Include="SourceFiles\DX3D\Include\DX3D\Game\ECS\ECSUtils.h" />
    <ClInclude Include="SourceFiles\DX3D\Source\DX3D\Game\ECS\EntityManager.h" />
    <ClInclude Include="SourceFiles\DX3D\Source\DX3D\Game\ECS\ComponentManager.h" />
    <ClInclude Include="SourceFiles\DX3D\Include\DX3D\Game\ECS\ISystem.h" />
    <ClInclude Include="SourceFiles\DX3D\Source\DX3D\Game\ECS\SystemManager.h" />
    <ClInclude Include="SourceFiles\DX3D\Source\DX3D\Game\ECS\Coordinator.h" />
    <ClInclude Include="SourceFiles\DX3D\Include\DX3D\Game\ECS\ComponentArray.h" />
    <ClInclude Include="SourceFiles\Game\GameObjectType.h" />
    <ClInclude Include="SourceFiles\DX3D\Source\DX3D\Graphics\Meshes\StaticMesh.h" />
    <ClInclude Include="SourceFiles\DX3D\Source\DX3D\Graphics\Meshes\BoxMesh.h">
      <Filter>Components</Filter>
    </ClInclude>
    <ClInclude Include="SourceFiles\DX3D\Source\DX3D\Graphics\IndexBuffer.h">
      <Filter>DX3D\Source\DX3D\Graphics</Filter>
    </ClInclude>
    <ClInclude Include="SourceFiles\Game\Components\Mesh.h">
      <Filter>Components</Filter>
    </ClInclude>
    <ClInclude Include="SourceFiles\Game\Components\Transform.h">
      <Filter>Components</Filter>
    </ClInclude>
    <ClInclude Include="SourceFiles\Game\Components\Velocity.h">
      <Filter>Components</Filter>
    </ClInclude>
    <ClInclude Include="SourceFiles\Game\Systems\MovementSystem.h">
      <Filter>Systems</Filter>
    </ClInclude>
    <ClInclude Include="SourceFiles\Game\Systems\PrafabSystem.h">
      <Filter>Systems</Filter>
    </ClInclude>
    <ClInclude Include="SourceFiles\Game\Systems\RenderSystem.h">
      <Filter>Systems</Filter>
    </ClInclude>
    <ClInclude Include="SourceFiles\DX3D\Source\DX3D\Graphics\RasterizerState.h" />
    <ClInclude Include="SourceFiles\Game\Systems\CameraSystem.h" />
    <ClInclude Include="SourceFiles\Game\Components\CameraController.h" />
    <ClInclude Include="SourceFiles\DX3D\Source\DX3D\Graphics\ConstantBuffer.h" />
    <ClInclude Include="SourceFiles\DX3D\Include\DX3D\Core\GameLogger.h" />
    <ClInclude Include="SourceFiles\DX3D\Source\DX3D\Game\ECS\ECSLogUtils.h" />
  </ItemGroup>
  <ItemGroup>
    <ClCompile Include="SourceFiles\DX3D\Source\DX3D\Graphics\DeviceContext.cpp">
      <Filter>DX3D\Source\DX3D\Graphics</Filter>
    </ClCompile>
    <ClCompile Include="SourceFiles\DX3D\Source\DX3D\Game\Game.cpp">
      <Filter>DX3D\Source\DX3D\Game</Filter>
    </ClCompile>
    <ClCompile Include="SourceFiles\DX3D\Source\DX3D\Core\Base.cpp">
      <Filter>DX3D\Source\DX3D\Core</Filter>
    </ClCompile>
    <ClCompile Include="SourceFiles\DX3D\Source\DX3D\Core\Logger.cpp">
      <Filter>DX3D\Source\DX3D\Core</Filter>
    </ClCompile>
    <ClCompile Include="SourceFiles\DX3D\Source\DX3D\Game\Display.cpp">
      <Filter>DX3D\Source\DX3D\Game</Filter>
    </ClCompile>
    <ClCompile Include="SourceFiles\DX3D\Source\DX3D\Game\Win32\Win32Game.cpp">
      <Filter>DX3D\Source\DX3D\Game\Win32</Filter>
    </ClCompile>
    <ClCompile Include="SourceFiles\DX3D\Source\DX3D\Window\Win32\Win32Window.cpp">
      <Filter>DX3D\Source\DX3D\Window\Win32</Filter>
    </ClCompile>
    <ClCompile Include="SourceFiles\DX3D\Source\DX3D\Graphics\GraphicsDevice.cpp">
      <Filter>DX3D\Source\DX3D\Graphics</Filter>
    </ClCompile>
    <ClCompile Include="SourceFiles\DX3D\Source\DX3D\Graphics\GraphicsPipelineState.cpp">
      <Filter>DX3D\Source\DX3D\Graphics</Filter>
    </ClCompile>
    <ClCompile Include="SourceFiles\DX3D\Source\DX3D\Graphics\GraphicsEngine.cpp">
      <Filter>DX3D\Source\DX3D\Graphics</Filter>
    </ClCompile>
    <ClCompile Include="SourceFiles\DX3D\Source\DX3D\Graphics\ShaderBinary.cpp">
      <Filter>DX3D\Source\DX3D\Graphics</Filter>
    </ClCompile>
    <ClCompile Include="SourceFiles\DX3D\Source\DX3D\Graphics\SwapChain.cpp">
      <Filter>DX3D\Source\DX3D\Graphics</Filter>
    </ClCompile>
    <ClCompile Include="SourceFiles\DX3D\Source\DX3D\Graphics\VertexBuffer.cpp">
      <Filter>DX3D\Source\DX3D\Graphics</Filter>
    </ClCompile>
    <ClCompile Include="SourceFiles\Game\main.cpp">
      <Filter>Game</Filter>
    </ClCompile>
    <ClCompile Include="SourceFiles\InputSystem\InputSystem.cpp" />
    <ClCompile Include="SourceFiles\DX3D\Source\DX3D\Graphics\VertexShaderSignature.cpp" />
    <ClCompile Include="SourceFiles\DX3D\Source\DX3D\Game\ECS\SystemManager.cpp" />
    <ClCompile Include="SourceFiles\DX3D\Source\DX3D\Game\ECS\Coordinator.cpp" />
    <ClCompile Include="SourceFiles\DX3D\Source\DX3D\Game\ECS\ComponentManager.cpp" />
    <ClCompile Include="SourceFiles\DX3D\Source\DX3D\Graphics\Meshes\StaticMesh.cpp" />
    <ClCompile Include="SourceFiles\DX3D\Source\DX3D\Graphics\IndexBuffer.cpp">
      <Filter>DX3D\Source\DX3D\Graphics</Filter>
    </ClCompile>
    <ClCompile Include="SourceFiles\Game\Systems\MovementSystem.cpp">
      <Filter>Systems</Filter>
    </ClCompile>
    <ClCompile Include="SourceFiles\Game\Systems\PrafabSystem.cpp">
      <Filter>Systems</Filter>
    </ClCompile>
    <ClCompile Include="SourceFiles\Game\Systems\RenderSystem.cpp">
      <Filter>Systems</Filter>
    </ClCompile>
    <ClCompile Include="SourceFiles\DX3D\Source\DX3D\Graphics\RasterizerState.cpp" />
    <ClCompile Include="SourceFiles\Game\Components\Camera.h" />
    <ClCompile Include="SourceFiles\Game\Systems\CameraSystem.cpp" />
    <ClCompile Include="SourceFiles\DX3D\Source\DX3D\Game\ECS\EntityManager.cpp" />
  </ItemGroup>
  <ItemGroup>
    <None Include="SourceFiles\DX3D\Assets\Shaders\Default.hlsl">
      <Filter>DX3D\Assets\Shaders</Filter>
    </None>
    <None Include="SourceFiles\DX3D\Source\DX3D\Game\ECS\ComponentManager.inl" />
    <None Include="SourceFiles\DX3D\Include\DX3D\Game\ECS\ComponentArray.inl" />
    <None Include="SourceFiles\DX3D\Source\DX3D\Game\ECS\Coordinator.inl" />
    <None Include="SourceFiles\DX3D\Source\DX3D\Game\ECS\SystemManager.inl" />
  </ItemGroup>
</Project>