<?xml version="1.0" encoding="utf-8"?>
<Project ToolsVersion="4.0" xmlns="http://schemas.microsoft.com/developer/msbuild/2003">
  <ItemGroup>
    <Filter Include="DX3D">
      <UniqueIdentifier>{d3c6ca97-db2b-42ee-a0e1-d27ed13fff40}</UniqueIdentifier>
    </Filter>
    <Filter Include="DX3D\Include">
      <UniqueIdentifier>{45985abc-dbbd-4a73-83ed-58a3aea94c84}</UniqueIdentifier>
    </Filter>
    <Filter Include="DX3D\Source">
      <UniqueIdentifier>{77c4ffd2-702c-4612-bfd0-1a35ff9a6073}</UniqueIdentifier>
    </Filter>
    <Filter Include="DX3D\Include\DX3D">
      <UniqueIdentifier>{358cb15e-1f57-4259-bf12-ee1da96b13e2}</UniqueIdentifier>
    </Filter>
    <Filter Include="DX3D\Include\DX3D\Core">
      <UniqueIdentifier>{ca2e8dc2-8adf-4c62-b95f-81094a8ec817}</UniqueIdentifier>
    </Filter>
    <Filter Include="DX3D\Include\DX3D\Math">
      <UniqueIdentifier>{a664a1ad-0fcc-41ae-9fcf-abbf0977343e}</UniqueIdentifier>
    </Filter>
    <Filter Include="DX3D\Include\DX3D\Game">
      <UniqueIdentifier>{ea068102-d253-4896-be7d-687ed23cf4fb}</UniqueIdentifier>
    </Filter>
    <Filter Include="DX3D\Include\DX3D\Window">
      <UniqueIdentifier>{ba619b36-a174-4f8a-b29a-f082939dcb49}</UniqueIdentifier>
    </Filter>
    <Filter Include="DX3D\Source\DX3D">
      <UniqueIdentifier>{3335ca95-bba5-4455-835e-d7e487742492}</UniqueIdentifier>
    </Filter>
    <Filter Include="DX3D\Source\DX3D\Game">
      <UniqueIdentifier>{33cac08a-e114-45d3-b984-388491272fb0}</UniqueIdentifier>
    </Filter>
    <Filter Include="DX3D\Source\DX3D\Graphics">
      <UniqueIdentifier>{a04d859d-fea7-497f-a5e4-3b513b884622}</UniqueIdentifier>
    </Filter>
    <Filter Include="DX3D\Source\DX3D\Core">
      <UniqueIdentifier>{c7a98dc4-ad57-42f9-8c02-f478c3633bb9}</UniqueIdentifier>
    </Filter>
    <Filter Include="DX3D\Source\DX3D\Window">
      <UniqueIdentifier>{720c54f6-c492-4667-98da-77cd19613a9a}</UniqueIdentifier>
    </Filter>
    <Filter Include="DX3D\Source\DX3D\Game\Win32">
      <UniqueIdentifier>{1d053543-3e8b-4e3a-a862-fed1b65f8f5e}</UniqueIdentifier>
    </Filter>
    <Filter Include="DX3D\Source\DX3D\Window\Win32">
      <UniqueIdentifier>{f2dc1ad9-fea7-4252-a7ca-37c1b96874f2}</UniqueIdentifier>
    </Filter>
    <Filter Include="Game">
      <UniqueIdentifier>{05c09f53-cee3-4d92-90ff-fc2438dfd00a}</UniqueIdentifier>
    </Filter>
    <Filter Include="InputSystem">
      <UniqueIdentifier>{d74755e4-b967-4fc1-8be5-14452fb66804}</UniqueIdentifier>
    </Filter>
    <Filter Include="DX3D\Assets">
      <UniqueIdentifier>{95f6cbd6-a6c3-4a22-b3ad-097910d599f3}</UniqueIdentifier>
    </Filter>
    <Filter Include="DX3D\Assets\Shaders">
      <UniqueIdentifier>{b88df9a9-6b57-4f6b-a545-2f250d7f6220}</UniqueIdentifier>
    </Filter>
    <Filter Include="Components">
      <UniqueIdentifier>{f5a74b6a-ef84-4ec2-9e30-11a97029017d}</UniqueIdentifier>
    </Filter>
    <Filter Include="Systems">
      <UniqueIdentifier>{7e410f41-254e-4a70-9e96-d3a76545e32a}</UniqueIdentifier>
    </Filter>
    <Filter Include="ImGui">
      <UniqueIdentifier>{35d0c7d0-2ff3-436d-ac45-e36697fe34d7}</UniqueIdentifier>
    </Filter>
  </ItemGroup>
  <ItemGroup>
    <ClInclude Include="SourceFiles\DX3D\Include\DX3D\Core\Base.h">
      <Filter>DX3D\Include\DX3D\Core</Filter>
    </ClInclude>
    <ClInclude Include="SourceFiles\DX3D\Include\DX3D\Core\Common.h">
      <Filter>DX3D\Include\DX3D\Core</Filter>
    </ClInclude>
    <ClInclude Include="SourceFiles\DX3D\Include\DX3D\Core\Core.h">
      <Filter>DX3D\Include\DX3D\Core</Filter>
    </ClInclude>
    <ClInclude Include="SourceFiles\DX3D\Include\DX3D\Core\Logger.h">
      <Filter>DX3D\Include\DX3D\Core</Filter>
    </ClInclude>
    <ClInclude Include="SourceFiles\DX3D\Include\DX3D\All.h">
      <Filter>DX3D\Include\DX3D</Filter>
    </ClInclude>
    <ClInclude Include="SourceFiles\DX3D\Include\DX3D\Game\Display.h">
      <Filter>DX3D\Include\DX3D\Game</Filter>
    </ClInclude>
    <ClInclude Include="SourceFiles\DX3D\Include\DX3D\Game\Game.h">
      <Filter>DX3D\Include\DX3D\Game</Filter>
    </ClInclude>
    <ClInclude Include="SourceFiles\DX3D\Include\DX3D\Math\Rect.h">
      <Filter>DX3D\Include\DX3D\Math</Filter>
    </ClInclude>
    <ClInclude Include="SourceFiles\DX3D\Include\DX3D\Window\Window.h">
      <Filter>DX3D\Include\DX3D\Window</Filter>
    </ClInclude>
    <ClInclude Include="SourceFiles\DX3D\Source\DX3D\Graphics\DeviceContext.h">
      <Filter>DX3D\Source\DX3D\Graphics</Filter>
    </ClInclude>
    <ClInclude Include="SourceFiles\DX3D\Source\DX3D\Graphics\GraphicsDevice.h">
      <Filter>DX3D\Source\DX3D\Graphics</Filter>
    </ClInclude>
    <ClInclude Include="SourceFiles\DX3D\Source\DX3D\Graphics\GraphicsEngine.h">
      <Filter>DX3D\Source\DX3D\Graphics</Filter>
    </ClInclude>
    <ClInclude Include="SourceFiles\DX3D\Source\DX3D\Graphics\GraphicslogUtils.h">
      <Filter>DX3D\Source\DX3D\Graphics</Filter>
    </ClInclude>
    <ClInclude Include="SourceFiles\DX3D\Source\DX3D\Graphics\GraphicsPipelineState.h">
      <Filter>DX3D\Source\DX3D\Graphics</Filter>
    </ClInclude>
    <ClInclude Include="SourceFiles\DX3D\Source\DX3D\Graphics\GraphicsResource.h">
      <Filter>DX3D\Source\DX3D\Graphics</Filter>
    </ClInclude>
    <ClInclude Include="SourceFiles\DX3D\Source\DX3D\Graphics\GraphicsUtils.h">
      <Filter>DX3D\Source\DX3D\Graphics</Filter>
    </ClInclude>
    <ClInclude Include="SourceFiles\DX3D\Source\DX3D\Graphics\ShaderBinary.h">
      <Filter>DX3D\Source\DX3D\Graphics</Filter>
    </ClInclude>
    <ClInclude Include="SourceFiles\DX3D\Source\DX3D\Graphics\SwapChain.h">
      <Filter>DX3D\Source\DX3D\Graphics</Filter>
    </ClInclude>
    <ClInclude Include="SourceFiles\SubSystem\VertexBuffer.h">
      <Filter>DX3D\Source\DX3D\Graphics</Filter>
    </ClInclude>
    <ClInclude Include="SourceFiles\DX3D\Source\DX3D\Graphics\Buffers\VertexBuffer.h">
      <Filter>DX3D\Source\DX3D\Graphics</Filter>
    </ClInclude>
    <ClInclude Include="SourceFiles\DX3D\Source\Game\InputSystem\InputSystem.h" />
    <ClInclude Include="SourceFiles\DX3D\Include\DX3D\Math\Point.h" />
    <ClInclude Include="SourceFiles\DX3D\Source\DX3D\Graphics\VertexShaderSignature.h">
      <Filter>DX3D\Source\DX3D\Graphics</Filter>
    </ClInclude>
    <ClInclude Include="SourceFiles\DX3D\Include\Game\ECS\Entity.h" />
    <ClInclude Include="SourceFiles\DX3D\Include\Game\ECS\ECSUtils.h" />
    <ClInclude Include="SourceFiles\DX3D\Source\Game\ECS\EntityManager.h" />
    <ClInclude Include="SourceFiles\DX3D\Source\Game\ECS\ComponentManager.h" />
    <ClInclude Include="SourceFiles\DX3D\Include\Game\ECS\ISystem.h" />
    <ClInclude Include="SourceFiles\DX3D\Source\Game\ECS\SystemManager.h" />
    <ClInclude Include="SourceFiles\DX3D\Source\Game\ECS\Coordinator.h" />
    <ClInclude Include="SourceFiles\DX3D\Include\Game\ECS\ComponentArray.h" />
    <ClInclude Include="SourceFiles\Game\GameObjectType.h" />
    <ClInclude Include="SourceFiles\DX3D\Source\DX3D\Graphics\Buffers\IndexBuffer.h">
      <Filter>DX3D\Source\DX3D\Graphics</Filter>
    </ClInclude>
    <ClInclude Include="SourceFiles\Game\Components\Transform.h">
      <Filter>Components</Filter>
    </ClInclude>
    <ClInclude Include="SourceFiles\Game\Systems\Renderers\RenderSystem.h">
      <Filter>Systems</Filter>
    </ClInclude>
    <ClInclude Include="SourceFiles\DX3D\Source\DX3D\Graphics\Buffers\ConstantBuffer.h" />
    <ClInclude Include="SourceFiles\DX3D\Include\Game\GameLogUtils.h" />
    <ClInclude Include="SourceFiles\DX3D\Source\DX3D\Graphics\Buffers\Vertex.h" />
    <ClInclude Include="SourceFiles\Game\Components\CameraController.h">
      <Filter>Components</Filter>
    </ClInclude>
    <ClInclude Include="SourceFiles\Game\Systems\CameraSystem.h">
      <Filter>Systems</Filter>
    </ClInclude>
    <ClInclude Include="SourceFiles\Game\Systems\Renderers\DebugRenderSystem.h">
      <Filter>Systems</Filter>
    </ClInclude>
    <ClInclude Include="SourceFiles\ThirdParty\ImGui\imconfig.h" />
    <ClInclude Include="SourceFiles\ThirdParty\ImGui\imgui.h" />
    <ClInclude Include="SourceFiles\ThirdParty\ImGui\imgui_internal.h" />
    <ClInclude Include="SourceFiles\ThirdParty\ImGui\imstb_rectpack.h" />
    <ClInclude Include="SourceFiles\ThirdParty\ImGui\imstb_textedit.h" />
    <ClInclude Include="SourceFiles\ThirdParty\ImGui\imstb_truetype.h" />
    <ClInclude Include="SourceFiles\ThirdParty\ImGui\imgui_impl_win32.h" />
    <ClInclude Include="SourceFiles\ThirdParty\ImGui\imgui_impl_dx11.h" />
    <ClInclude Include="SourceFiles\Debug\DebugUI.h" />
    <ClInclude Include="SourceFiles\DX3D\Source\Game\Scene\SceneManager.h" />
    <ClInclude Include="SourceFiles\DX3D\Include\Game\Scene\SceneData.h" />
    <ClInclude Include="SourceFiles\DX3D\Source\Game\Scene\SceneSerializer.h" />
    <ClInclude Include="SourceFiles\Game\Systems\Factorys\PrefabSystem.h" />
    <ClInclude Include="SourceFiles\Game\Systems\Scenes\TitleSceneSystem.h" />
    <ClInclude Include="SourceFiles\DX3D\Source\DX3D\Graphics\Buffers\InstanceData.h" />
    <ClInclude Include="SourceFiles\DX3D\Source\DX3D\Graphics\Material.h" />
    <ClInclude Include="SourceFiles\Game\Components\Material.h" />
    <ClInclude Include="SourceFiles\DX3D\Source\DX3D\Graphics\Texture.h" />
    <ClInclude Include="SourceFiles\DX3D\Source\DX3D\Graphics\InputLayout.h" />
    <ClInclude Include="SourceFiles\DX3D\Source\DX3D\Graphics\PipelineKey.h" />
    <ClInclude Include="SourceFiles\DX3D\Source\DX3D\Graphics\PipelineKey.h" />
    <ClInclude Include="SourceFiles\DX3D\Source\DX3D\Graphics\PipelineCache.h" />
    <ClInclude Include="SourceFiles\DX3D\Include\Game\Collisions\CollisionUtils.h" />
    <ClInclude Include="SourceFiles\Game\Systems\Collisions\ColliderSyncSystem.h" />
    <ClInclude Include="SourceFiles\Game\Systems\TransformSystem.h" />
    <ClInclude Include="SourceFiles\Game\Components\Collider.h" />
    <ClInclude Include="SourceFiles\DX3D\Include\Game\Serialization\ComponentReflection.h" />
    <ClInclude Include="SourceFiles\Game\Systems\Collisions\CollisionResolveSystem.h" />
    <ClInclude Include="SourceFiles\DX3D\Source\DX3D\Graphics\Meshes\Mesh.h" />
    <ClInclude Include="SourceFiles\DX3D\Source\DX3D\Graphics\Meshes\MeshHandle.h" />
    <ClInclude Include="SourceFiles\DX3D\Source\DX3D\Graphics\Meshes\MeshRegistry.h" />
    <ClInclude Include="SourceFiles\DX3D\Source\DX3D\Graphics\Meshes\PrimitiveFactory.h" />
    <ClInclude Include="SourceFiles\Game\Components\MeshRenderer.h" />
    <ClInclude Include="SourceFiles\Debug\Debug.h" />
    <ClInclude Include="SourceFiles\Game\Components\Physics\Rigidbody.h" />
    <ClInclude Include="SourceFiles\Game\Systems\Physics\ForceAccumulationSystem.h" />
    <ClInclude Include="SourceFiles\Game\Systems\Physics\IntegrationSystem.h" />
    <ClInclude Include="SourceFiles\Game\Systems\Physics\ClearForcesSystem.h" />
    <ClInclude Include="SourceFiles\Game\Components\Light.h" />
    <ClInclude Include="SourceFiles\Game\Systems\Renderers\LightDepthRenderSystem.h" />
    <ClInclude Include="SourceFiles\DX3D\Include\DX3D\Math\MathUtils.h" />
    <ClInclude Include="SourceFiles\DX3D\Source\DX3D\Graphics\Buffers\StructuredBuffers.h" />
    <ClInclude Include="SourceFiles\Game\Systems\Gimmicks\ShadowTestSystem.h" />
    <ClInclude Include="SourceFiles\DX3D\Source\DX3D\Graphics\ShaderCache.h" />
  </ItemGroup>
  <ItemGroup>
    <ClCompile Include="SourceFiles\DX3D\Source\DX3D\Graphics\DeviceContext.cpp">
      <Filter>DX3D\Source\DX3D\Graphics</Filter>
    </ClCompile>
    <ClCompile Include="SourceFiles\DX3D\Source\DX3D\Game\Game.cpp">
      <Filter>DX3D\Source\DX3D\Game</Filter>
    </ClCompile>
    <ClCompile Include="SourceFiles\DX3D\Source\DX3D\Core\Base.cpp">
      <Filter>DX3D\Source\DX3D\Core</Filter>
    </ClCompile>
    <ClCompile Include="SourceFiles\DX3D\Source\DX3D\Core\Logger.cpp">
      <Filter>DX3D\Source\DX3D\Core</Filter>
    </ClCompile>
    <ClCompile Include="SourceFiles\DX3D\Source\DX3D\Game\Display.cpp">
      <Filter>DX3D\Source\DX3D\Game</Filter>
    </ClCompile>
    <ClCompile Include="SourceFiles\DX3D\Source\DX3D\Game\Win32\Win32Game.cpp">
      <Filter>DX3D\Source\DX3D\Game\Win32</Filter>
    </ClCompile>
    <ClCompile Include="SourceFiles\DX3D\Source\DX3D\Window\Win32\Win32Window.cpp">
      <Filter>DX3D\Source\DX3D\Window\Win32</Filter>
    </ClCompile>
    <ClCompile Include="SourceFiles\DX3D\Source\DX3D\Graphics\GraphicsDevice.cpp">
      <Filter>DX3D\Source\DX3D\Graphics</Filter>
    </ClCompile>
    <ClCompile Include="SourceFiles\DX3D\Source\DX3D\Graphics\GraphicsPipelineState.cpp">
      <Filter>DX3D\Source\DX3D\Graphics</Filter>
    </ClCompile>
    <ClCompile Include="SourceFiles\DX3D\Source\DX3D\Graphics\GraphicsEngine.cpp">
      <Filter>DX3D\Source\DX3D\Graphics</Filter>
    </ClCompile>
    <ClCompile Include="SourceFiles\DX3D\Source\DX3D\Graphics\ShaderBinary.cpp">
      <Filter>DX3D\Source\DX3D\Graphics</Filter>
    </ClCompile>
    <ClCompile Include="SourceFiles\DX3D\Source\DX3D\Graphics\SwapChain.cpp">
      <Filter>DX3D\Source\DX3D\Graphics</Filter>
    </ClCompile>
    <ClCompile Include="SourceFiles\DX3D\Source\DX3D\Graphics\Buffers\VertexBuffer.cpp">
      <Filter>DX3D\Source\DX3D\Graphics</Filter>
    </ClCompile>
    <ClCompile Include="SourceFiles\Game\main.cpp">
      <Filter>Game</Filter>
    </ClCompile>
    <ClCompile Include="SourceFiles\DX3D\Source\Game\InputSystem\InputSystem.cpp" />
    <ClCompile Include="SourceFiles\DX3D\Source\DX3D\Graphics\VertexShaderSignature.cpp" />
    <ClCompile Include="SourceFiles\DX3D\Source\Game\ECS\SystemManager.cpp" />
    <ClCompile Include="SourceFiles\DX3D\Source\Game\ECS\Coordinator.cpp" />
    <ClCompile Include="SourceFiles\DX3D\Source\Game\ECS\ComponentManager.cpp" />
    <ClCompile Include="SourceFiles\DX3D\Source\DX3D\Graphics\Buffers\IndexBuffer.cpp">
      <Filter>DX3D\Source\DX3D\Graphics</Filter>
    </ClCompile>
    <ClCompile Include="SourceFiles\Game\Systems\Renderers\RenderSystem.cpp">
      <Filter>Systems</Filter>
    </ClCompile>
    <ClCompile Include="SourceFiles\DX3D\Source\Game\ECS\EntityManager.cpp" />
    <ClCompile Include="SourceFiles\Game\Components\Camera.h">
      <Filter>Components</Filter>
    </ClCompile>
    <ClCompile Include="SourceFiles\Game\Systems\CameraSystem.cpp">
      <Filter>Systems</Filter>
    </ClCompile>
    <ClCompile Include="SourceFiles\Game\Systems\Renderers\DebugRenderSystem.cpp">
      <Filter>Systems</Filter>
    </ClCompile>
    <ClCompile Include="SourceFiles\ThirdParty\ImGui\imgui.cpp" />
    <ClCompile Include="SourceFiles\ThirdParty\ImGui\imgui_draw.cpp" />
    <ClCompile Include="SourceFiles\ThirdParty\ImGui\imgui_tables.cpp" />
    <ClCompile Include="SourceFiles\ThirdParty\ImGui\imgui_widgets.cpp" />
    <ClCompile Include="SourceFiles\ThirdParty\ImGui\imgui_impl_dx11.cpp" />
    <ClCompile Include="SourceFiles\ThirdParty\ImGui\imgui_impl_win32.cpp" />
    <ClCompile Include="SourceFiles\Debug\DebugUI.cpp" />
    <ClCompile Include="SourceFiles\ThirdParty\ImGui\imgui_demo.cpp" />
    <ClCompile Include="SourceFiles\DX3D\Source\Game\Scene\SceneManager.cpp" />
    <ClCompile Include="SourceFiles\DX3D\Source\Game\Scene\SceneSerializer.cpp" />
    <ClCompile Include="SourceFiles\Game\Systems\Factorys\PrefabSystem.cpp" />
    <ClCompile Include="SourceFiles\Game\Systems\Scenes\TitleSceneSystem.cpp" />
    <ClCompile Include="SourceFiles\DX3D\Source\DX3D\Graphics\Material.cpp" />
    <ClCompile Include="SourceFiles\DX3D\Source\DX3D\Graphics\InputLayout.cpp" />
    <ClCompile Include="SourceFiles\DX3D\Source\DX3D\Graphics\PipelineCache.cpp" />
    <ClCompile Include="SourceFiles\Game\Systems\Collisions\ColliderSyncSystem.cpp" />
    <ClCompile Include="SourceFiles\Game\Systems\TransformSystem.cpp" />
    <ClCompile Include="SourceFiles\Game\Systems\Collisions\CollisionResolveSystem.cpp" />
    <ClCompile Include="SourceFiles\DX3D\Source\DX3D\Graphics\Meshes\MeshRegistry.cpp" />
    <ClCompile Include="SourceFiles\DX3D\Source\DX3D\Graphics\Meshes\PrimitiveFactory.cpp" />
    <ClCompile Include="SourceFiles\Debug\Debug.cpp" />
    <ClCompile Include="SourceFiles\Game\Systems\Physics\ForceAccumulationSystem.cpp" />
    <ClCompile Include="SourceFiles\Game\Systems\Physics\IntegrationSystem.cpp" />
    <ClCompile Include="SourceFiles\Game\Systems\Physics\ClearForcesSystem.cpp" />
    <ClCompile Include="SourceFiles\Game\Systems\Renderers\LightDepthRenderSystem.cpp" />
    <ClCompile Include="SourceFiles\DX3D\Source\DX3D\Graphics\Buffers\StructuredBuffers.cpp" />
    <ClCompile Include="SourceFiles\DX3D\Source\DX3D\Graphics\ShaderCache.cpp" />
  </ItemGroup>
  <ItemGroup>
    <None Include="SourceFiles\DX3D\Source\Game\ECS\ComponentManager.inl" />
    <None Include="SourceFiles\DX3D\Include\Game\ECS\ComponentArray.inl" />
    <None Include="SourceFiles\DX3D\Source\Game\ECS\Coordinator.inl" />
    <None Include="SourceFiles\DX3D\Source\Game\ECS\SystemManager.inl" />
    <None Include="Assets\Shaders\Common\Lighting.hlsli" />
    <None Include="Assets\Shaders\Common\common.hlsli" />
  </ItemGroup>
  <ItemGroup>
    <FxCompile Include="Assets\Shaders\Compute\CS_ShadowTest.hlsl" />
    <FxCompile Include="Assets\Shaders\Pixel\PS_Default.hlsl" />
    <FxCompile Include="Assets\Shaders\Vertex\VS_Default.hlsl" />
    <FxCompile Include="Assets\Shaders\Vertex\VS_Instanced.hlsl" />
    <FxCompile Include="Assets\Shaders\Vertex\VS_Shadow.hlsl" />
  </ItemGroup>
</Project>